
Microsoft Visual Studio Solution File, Format Version 12.00
# Visual Studio Version 16
VisualStudioVersion = 16.0.30907.101
MinimumVisualStudioVersion = 10.0.40219.1
Project("{FAE04EC0-301F-11D3-BF4B-00C04F79EFBC}") = "Module_3_Task_4_Vasylchnko", "Module_3_Task_4_Vasylchnko\Module_3_Task_4_Vasylchnko.csproj", "{D3A78CF9-45FB-4515-A537-87B3ADD339FC}"
EndProject
Global
	GlobalSection(SolutionConfigurationPlatforms) = preSolution
		Debug|Any CPU = Debug|Any CPU
		Release|Any CPU = Release|Any CPU
	EndGlobalSection
	GlobalSection(ProjectConfigurationPlatforms) = postSolution
		{D3A78CF9-45FB-4515-A537-87B3ADD339FC}.Debug|Any CPU.ActiveCfg = Debug|Any CPU
		{D3A78CF9-45FB-4515-A537-87B3ADD339FC}.Debug|Any CPU.Build.0 = Debug|Any CPU
		{D3A78CF9-45FB-4515-A537-87B3ADD339FC}.Release|Any CPU.ActiveCfg = Release|Any CPU
		{D3A78CF9-45FB-4515-A537-87B3ADD339FC}.Release|Any CPU.Build.0 = Release|Any CPU
	EndGlobalSection
	GlobalSection(SolutionProperties) = preSolution
		HideSolutionNode = FALSE
	EndGlobalSection
	GlobalSection(ExtensibilityGlobals) = postSolution
		SolutionGuid = {40EAF864-0B0E-4070-8A67-E103DE26DE62}
	EndGlobalSection
EndGlobal
